{
  "name": "@game-108/shared",
  "version": "1.0.0",
  "lockfileVersion": 3,
  "requires": true,
  "packages": {
    "": {
      "name": "@game-108/shared",
      "version": "1.0.0",
      "dependencies": {
        "game-108": "file:.."
      },
      "devDependencies": {
        "typescript": "^5.7.3"
      }
    },
    "..": {
      "name": "game-108",
      "version": "1.0.0",
      "license": "MIT",
      "workspaces": [
        "shared",
        "server",
        "client"
      ]
    },
    "node_modules/game-108": {
      "resolved": "..",
      "link": true
    },
    "node_modules/typescript": {
      "version": "5.9.3",
      "resolved": "https://registry.npmjs.org/typescript/-/typescript-5.9.3.tgz",
      "integrity": "sha512-jl1vZzPDinLr9eUt3J/t7V6FgNEw9QjvBPdysz9KfQDD41fQrC2Y4vKQdiaUpFT4bXlb1RHhLpp8wtm6M5TgSw==",
      "dev": true,
      "license": "Apache-2.0",
      "bin": {
        "tsc": "bin/tsc",
        "tsserver": "bin/tsserver"
      },
      "engines": {
        "node": ">=14.17"
      }
    }
  }
}
